
Microsoft Visual Studio Solution File, Format Version 12.00
# Visual Studio Version 16
VisualStudioVersion = 16.0.30621.155
MinimumVisualStudioVersion = 10.0.40219.1
Project("{FAE04EC0-301F-11D3-BF4B-00C04F79EFBC}") = "KaranTeam", "KaranTeam\KaranTeam.csproj", "{0EC8E777-E5C1-4A12-8360-49A9E52CA833}"
EndProject
Global
	GlobalSection(SolutionConfigurationPlatforms) = preSolution
		Debug|Any CPU = Debug|Any CPU
		Release|Any CPU = Release|Any CPU
	EndGlobalSection
	GlobalSection(ProjectConfigurationPlatforms) = postSolution
		{0EC8E777-E5C1-4A12-8360-49A9E52CA833}.Debug|Any CPU.ActiveCfg = Debug|Any CPU
		{0EC8E777-E5C1-4A12-8360-49A9E52CA833}.Debug|Any CPU.Build.0 = Debug|Any CPU
		{0EC8E777-E5C1-4A12-8360-49A9E52CA833}.Release|Any CPU.ActiveCfg = Release|Any CPU
		{0EC8E777-E5C1-4A12-8360-49A9E52CA833}.Release|Any CPU.Build.0 = Release|Any CPU
	EndGlobalSection
	GlobalSection(SolutionProperties) = preSolution
		HideSolutionNode = FALSE
	EndGlobalSection
	GlobalSection(ExtensibilityGlobals) = postSolution
		SolutionGuid = {94AED4F4-39CF-48AB-88C0-D0FFC182A190}
	EndGlobalSection
EndGlobal
